
Microsoft Visual Studio Solution File, Format Version 12.00
# Visual Studio 15
VisualStudioVersion = 15.0.27703.2042
MinimumVisualStudioVersion = 10.0.40219.1
Project("{FAE04EC0-301F-11D3-BF4B-00C04F79EFBC}") = "VueIntro", "VueIntro\VueIntro.csproj", "{DD3AF440-D4D6-444C-984E-89411792F1D5}"
EndProject
Global
	GlobalSection(SolutionConfigurationPlatforms) = preSolution
		Debug|Any CPU = Debug|Any CPU
		Release|Any CPU = Release|Any CPU
	EndGlobalSection
	GlobalSection(ProjectConfigurationPlatforms) = postSolution
		{DD3AF440-D4D6-444C-984E-89411792F1D5}.Debug|Any CPU.ActiveCfg = Debug|Any CPU
		{DD3AF440-D4D6-444C-984E-89411792F1D5}.Debug|Any CPU.Build.0 = Debug|Any CPU
		{DD3AF440-D4D6-444C-984E-89411792F1D5}.Release|Any CPU.ActiveCfg = Release|Any CPU
		{DD3AF440-D4D6-444C-984E-89411792F1D5}.Release|Any CPU.Build.0 = Release|Any CPU
	EndGlobalSection
	GlobalSection(SolutionProperties) = preSolution
		HideSolutionNode = FALSE
	EndGlobalSection
	GlobalSection(ExtensibilityGlobals) = postSolution
		SolutionGuid = {682B3A53-5031-416A-B21D-154BB8BFA2A6}
	EndGlobalSection
EndGlobal
